<?xml version="1.0"?>
<CONFIG>
  <ProjectOptions>
    <Version Value="9"/>
    <PathDelim Value="\"/>
    <General>
      <SessionStorage Value="InProjectDir"/>
      <MainUnit Value="0"/>
      <Title Value="rallylog"/>
      <ResourceType Value="res"/>
      <UseXPManifest Value="True"/>
      <Icon Value="0"/>
    </General>
    <i18n>
      <EnableI18N LFM="False"/>
    </i18n>
    <VersionInfo>
      <StringTable ProductVersion=""/>
    </VersionInfo>
    <BuildModes Count="2">
      <Item1 Name="Debug" Default="True"/>
      <Item2 Name="Release">
        <CompilerOptions>
          <Version Value="11"/>
          <PathDelim Value="\"/>
          <Target>
            <Filename Value="bin\$(TargetCPU)-$(TargetOS)\RELEASE\rallylog"/>
          </Target>
          <SearchPaths>
            <IncludeFiles Value="$(ProjOutDir)"/>
            <OtherUnitFiles Value="units;..\lazarus\components\luipack\multilog"/>
            <UnitOutputDirectory Value="lib\$(TargetCPU)-$(TargetOS)\RELEASE"/>
          </SearchPaths>
          <Linking>
            <Debugging>
              <GenerateDebugInfo Value="False"/>
              <StripSymbols Value="True"/>
            </Debugging>
            <Options>
              <Win32>
                <GraphicApplication Value="True"/>
              </Win32>
            </Options>
          </Linking>
          <Other>
            <CompilerMessages>
              <MsgFileName Value=""/>
            </CompilerMessages>
            <CompilerPath Value="$(CompPath)"/>
          </Other>
        </CompilerOptions>
      </Item2>
    </BuildModes>
    <PublishOptions>
      <Version Value="2"/>
      <IncludeFileFilter Value="*.(pas|pp|inc|lfm|lpr|lrs|lpi|lpk|sh|xml)"/>
      <ExcludeFileFilter Value="*.(bak|ppu|o|so);*~;backup"/>
    </PublishOptions>
    <RunParams>
      <local>
        <FormatVersion Value="1"/>
      </local>
    </RunParams>
    <RequiredPackages Count="4">
      <Item1>
        <PackageName Value="pl_cindy"/>
      </Item1>
      <Item2>
        <PackageName Value="pl_excontrols"/>
      </Item2>
      <Item3>
        <PackageName Value="SdpoSerialLaz"/>
      </Item3>
      <Item4>
        <PackageName Value="LCL"/>
      </Item4>
    </RequiredPackages>
    <Units Count="8">
      <Unit0>
        <Filename Value="rallylog.lpr"/>
        <IsPartOfProject Value="True"/>
        <UnitName Value="rallylog"/>
      </Unit0>
      <Unit1>
        <Filename Value="src\appwindow.pas"/>
        <IsPartOfProject Value="True"/>
        <ComponentName Value="Form1"/>
        <HasResources Value="True"/>
        <ResourceBaseClass Value="Form"/>
        <UnitName Value="appwindow"/>
      </Unit1>
      <Unit2>
        <Filename Value="src\synchedthreads.pas"/>
        <IsPartOfProject Value="True"/>
        <UnitName Value="SynchedThreads"/>
      </Unit2>
      <Unit3>
        <Filename Value="src\rallylogserialmanager.pas"/>
        <IsPartOfProject Value="True"/>
        <UnitName Value="rallylogserialmanager"/>
      </Unit3>
      <Unit4>
        <Filename Value="src\rallylogevents.pas"/>
        <IsPartOfProject Value="True"/>
        <UnitName Value="rallylogevents"/>
      </Unit4>
      <Unit5>
        <Filename Value="src\serialdevice.pas"/>
        <IsPartOfProject Value="True"/>
        <UnitName Value="serialdevice"/>
      </Unit5>
      <Unit6>
        <Filename Value="src\firmata.pas"/>
        <IsPartOfProject Value="True"/>
        <UnitName Value="firmata"/>
      </Unit6>
      <Unit7>
        <Filename Value="src\remoteutils.pas"/>
        <IsPartOfProject Value="True"/>
        <UnitName Value="remoteutils"/>
      </Unit7>
    </Units>
  </ProjectOptions>
  <CompilerOptions>
    <Version Value="11"/>
    <PathDelim Value="\"/>
    <Target>
      <Filename Value="bin\$(TargetCPU)-$(TargetOS)\DEBUG\rallylog"/>
    </Target>
    <SearchPaths>
      <IncludeFiles Value="$(ProjOutDir)"/>
      <Libraries Value="db;lib\$(TargetCPU)-$(TargetOS)"/>
      <OtherUnitFiles Value="units;..\lazarus\components\luipack\multilog;units\ftd2xx;src"/>
      <UnitOutputDirectory Value="lib\$(TargetCPU)-$(TargetOS)\DEBUG"/>
    </SearchPaths>
    <Parsing>
      <SyntaxOptions>
        <StaticKeyword Value="True"/>
      </SyntaxOptions>
    </Parsing>
    <Linking>
      <Debugging>
        <UseHeaptrc Value="True"/>
      </Debugging>
      <Options>
        <Win32>
          <GraphicApplication Value="True"/>
        </Win32>
      </Options>
    </Linking>
    <Other>
      <CompilerMessages>
        <MsgFileName Value=""/>
      </CompilerMessages>
      <CompilerPath Value="$(CompPath)"/>
    </Other>
  </CompilerOptions>
  <Debugging>
    <Exceptions Count="3">
      <Item1>
        <Name Value="EAbort"/>
      </Item1>
      <Item2>
        <Name Value="ECodetoolError"/>
      </Item2>
      <Item3>
        <Name Value="EFOpenError"/>
      </Item3>
    </Exceptions>
  </Debugging>
</CONFIG>
